{
  "nodes": {
    "flake-utils": {
      "inputs": {
        "systems": [
          "holesail",
          "systems"
        ]
      },
      "locked": {
        "lastModified": 1731533236,
        "narHash": "sha256-l0KFg5HjrsfsO/JpG+r7fRrqm12kzFHyUHqHCVpMMbI=",
        "owner": "numtide",
        "repo": "flake-utils",
        "rev": "11707dc2f618dd54ca8739b309ec4fc024de578b",
        "type": "github"
      },
      "original": {
        "owner": "numtide",
        "repo": "flake-utils",
        "type": "github"
      }
    },
    "holesail": {
      "inputs": {
        "flake-utils": "flake-utils",
        "nixpkgs": "nixpkgs",
        "systems": "systems"
      },
      "locked": {
        "lastModified": 1737050188,
        "narHash": "sha256-9gcDgtsv9u7oaBiPgYkF4lcwqRbqTnpymEc9Og4C+kE=",
        "owner": "jjacke13",
        "repo": "holesail-nix",
        "rev": "fd0fdea3069cba6d408aa5cfea92d4ca44b2f6f2",
        "type": "github"
      },
      "original": {
        "owner": "jjacke13",
        "repo": "holesail-nix",
        "type": "github"
      }
    },
    "nixlib": {
      "locked": {
        "lastModified": 1736643958,
        "narHash": "sha256-tmpqTSWVRJVhpvfSN9KXBvKEXplrwKnSZNAoNPf/S/s=",
        "owner": "nix-community",
        "repo": "nixpkgs.lib",
        "rev": "1418bc28a52126761c02dd3d89b2d8ca0f521181",
        "type": "github"
      },
      "original": {
        "owner": "nix-community",
        "repo": "nixpkgs.lib",
        "type": "github"
      }
    },
    "nixos-generators": {
      "inputs": {
        "nixlib": "nixlib",
        "nixpkgs": [
          "nixpkgs"
        ]
      },
      "locked": {
        "lastModified": 1737057290,
        "narHash": "sha256-3Pe0yKlCc7EOeq1X/aJVDH0CtNL+tIBm49vpepwL1MQ=",
        "owner": "nix-community",
        "repo": "nixos-generators",
        "rev": "d002ce9b6e7eb467cd1c6bb9aef9c35d191b5453",
        "type": "github"
      },
      "original": {
        "owner": "nix-community",
        "repo": "nixos-generators",
        "type": "github"
      }
    },
    "nixpkgs": {
      "locked": {
        "lastModified": 1736344531,
        "narHash": "sha256-8YVQ9ZbSfuUk2bUf2KRj60NRraLPKPS0Q4QFTbc+c2c=",
        "owner": "nixos",
        "repo": "nixpkgs",
        "rev": "bffc22eb12172e6db3c5dde9e3e5628f8e3e7912",
        "type": "github"
      },
      "original": {
        "owner": "nixos",
        "ref": "nixos-unstable",
        "repo": "nixpkgs",
        "type": "github"
      }
    },
    "nixpkgs_2": {
      "locked": {
        "lastModified": 1737062831,
        "narHash": "sha256-Tbk1MZbtV2s5aG+iM99U8FqwxU/YNArMcWAv6clcsBc=",
        "owner": "nixos",
        "repo": "nixpkgs",
        "rev": "5df43628fdf08d642be8ba5b3625a6c70731c19c",
        "type": "github"
      },
      "original": {
        "owner": "nixos",
        "ref": "nixos-unstable",
        "repo": "nixpkgs",
        "type": "github"
      }
    },
    "root": {
      "inputs": {
        "holesail": "holesail",
        "nixos-generators": "nixos-generators",
        "nixpkgs": "nixpkgs_2"
      }
    },
    "systems": {
      "locked": {
        "lastModified": 1689347949,
        "narHash": "sha256-12tWmuL2zgBgZkdoB6qXZsgJEH9LR3oUgpaQq2RbI80=",
        "owner": "nix-systems",
        "repo": "default-linux",
        "rev": "31732fcf5e8fea42e59c2488ad31a0e651500f68",
        "type": "github"
      },
      "original": {
        "owner": "nix-systems",
        "repo": "default-linux",
        "type": "github"
      }
    }
  },
  "root": "root",
  "version": 7
}
