{
  "nodes": {
    "flake-utils": {
      "inputs": {
        "systems": [
          "holesail",
          "systems"
        ]
      },
      "locked": {
        "lastModified": 1731533236,
        "narHash": "sha256-l0KFg5HjrsfsO/JpG+r7fRrqm12kzFHyUHqHCVpMMbI=",
        "owner": "numtide",
        "repo": "flake-utils",
        "rev": "11707dc2f618dd54ca8739b309ec4fc024de578b",
        "type": "github"
      },
      "original": {
        "owner": "numtide",
        "repo": "flake-utils",
        "type": "github"
      }
    },
    "flake-utils_2": {
      "inputs": {
        "systems": "systems"
      },
      "locked": {
        "lastModified": 1731533236,
        "narHash": "sha256-l0KFg5HjrsfsO/JpG+r7fRrqm12kzFHyUHqHCVpMMbI=",
        "owner": "numtide",
        "repo": "flake-utils",
        "rev": "11707dc2f618dd54ca8739b309ec4fc024de578b",
        "type": "github"
      },
      "original": {
        "owner": "numtide",
        "repo": "flake-utils",
        "type": "github"
      }
    },
    "holesail": {
      "inputs": {
        "flake-utils": "flake-utils",
        "holesail-cpp": "holesail-cpp",
        "nixpkgs": "nixpkgs_2",
        "systems": "systems_2"
      },
      "locked": {
        "lastModified": 1788074192,
        "narHash": "sha256-U5T0IJGrmDwLcRYpcK0aOGKD3f3rgCA/w7bsdrZ289w=",
        "owner": "jjacke13",
        "repo": "holesail-nix",
        "rev": "3eda6eafff45aef2c9d130c2ed899617231eee24",
        "type": "github"
      },
      "original": {
        "owner": "jjacke13",
        "repo": "holesail-nix",
        "type": "github"
      }
    },
    "holesail-cpp": {
      "inputs": {
        "hyperdht-cpp": "hyperdht-cpp",
        "nixpkgs": "nixpkgs"
      },
      "locked": {
        "lastModified": 1787659041,
        "narHash": "sha256-xCpwY7gYCWma6Aa672osZiRO4kE6HqEjSdVKAA+5IEM=",
        "owner": "jjacke13",
        "repo": "holesail-cpp",
        "rev": "8164207fd14f745786faf032e516b02c26769a52",
        "type": "github"
      },
      "original": {
        "owner": "jjacke13",
        "repo": "holesail-cpp",
        "type": "github"
      }
    },
    "hyperdht-cpp": {
      "inputs": {
        "libudx": "libudx",
        "nixpkgs": [
          "holesail",
          "holesail-cpp",
          "nixpkgs"
        ],
        "nixpkgs-esp-dev": "nixpkgs-esp-dev"
      },
      "locked": {
        "lastModified": 1787387904,
        "narHash": "sha256-1NXlQPWGdFJTdXvMIdgC01D3PJAtk2bKToeqRkP43/w=",
        "owner": "jjacke13",
        "repo": "hyperdht-cpp",
        "rev": "9580f99b5ce410448163a264e0207e3f825f83c8",
        "type": "github"
      },
      "original": {
        "owner": "jjacke13",
        "repo": "hyperdht-cpp",
        "type": "github"
      }
    },
    "libudx": {
      "flake": false,
      "locked": {
        "lastModified": 1774156281,
        "narHash": "sha256-YFCkXEEYK0lda3Q7M53HPc9RqjU9B/tbVFDYx+zqYJM=",
        "owner": "holepunchto",
        "repo": "libudx",
        "rev": "0420f6267110e919d3fcefb8d5de4385912eb353",
        "type": "github"
      },
      "original": {
        "owner": "holepunchto",
        "repo": "libudx",
        "rev": "0420f6267110e919d3fcefb8d5de4385912eb353",
        "type": "github"
      }
    },
    "nixos-hardware": {
      "inputs": {
        "nixpkgs": "nixpkgs_3"
      },
      "locked": {
        "lastModified": 1788044418,
        "narHash": "sha256-cmOd3iGoE140M2GidgQMQbyxHZ4dT7C0QZq2+CrXQyA=",
        "owner": "NixOS",
        "repo": "nixos-hardware",
        "rev": "dc3f0cfde2050172abf6c3cdb684f735c15a57c5",
        "type": "github"
      },
      "original": {
        "owner": "NixOS",
        "ref": "master",
        "repo": "nixos-hardware",
        "type": "github"
      }
    },
    "nixpkgs": {
      "locked": {
        "lastModified": 1782847189,
        "narHash": "sha256-twXPFqFsrrY5r28Zh7Homgcp2gUMBgQ6WDS98Q/3xFI=",
        "owner": "NixOS",
        "repo": "nixpkgs",
        "rev": "b6018f87da91d19d0ab4cf979885689b469cdd41",
        "type": "github"
      },
      "original": {
        "owner": "NixOS",
        "ref": "nixos-25.11",
        "repo": "nixpkgs",
        "type": "github"
      }
    },
    "nixpkgs-esp-dev": {
      "inputs": {
        "flake-utils": "flake-utils_2",
        "nixpkgs": [
          "holesail",
          "holesail-cpp",
          "hyperdht-cpp",
          "nixpkgs"
        ]
      },
      "locked": {
        "lastModified": 1767865407,
        "narHash": "sha256-QWF1rZYd+HvNzLIeRS+OEBX7HF0EhWCGeLbMkgtbsIo=",
        "owner": "mirrexagon",
        "repo": "nixpkgs-esp-dev",
        "rev": "5287d6e1ca9e15ebd5113c41b9590c468e1e001b",
        "type": "github"
      },
      "original": {
        "owner": "mirrexagon",
        "repo": "nixpkgs-esp-dev",
        "type": "github"
      }
    },
    "nixpkgs_2": {
      "locked": {
        "lastModified": 1766201043,
        "narHash": "sha256-eplAP+rorKKd0gNjV3rA6+0WMzb1X1i16F5m5pASnjA=",
        "owner": "nixos",
        "repo": "nixpkgs",
        "rev": "b3aad468604d3e488d627c0b43984eb60e75e782",
        "type": "github"
      },
      "original": {
        "owner": "nixos",
        "ref": "nixos-25.11",
        "repo": "nixpkgs",
        "type": "github"
      }
    },
    "nixpkgs_3": {
      "locked": {
        "lastModified": 1767892417,
        "narHash": "sha256-8bW3q88CEg2u4hSP66Vf4lpbLonHz7hqDNBMcCY7E9U=",
        "rev": "3497aa5c9457a9d88d71fa93a4a8368816fbeeba",
        "type": "tarball",
        "url": "https://releases.nixos.org/nixos/unstable/nixos-26.05pre924538.3497aa5c9457/nixexprs.tar.xz"
      },
      "original": {
        "type": "tarball",
        "url": "https://channels.nixos.org/nixos-unstable/nixexprs.tar.xz"
      }
    },
    "nixpkgs_4": {
      "locked": {
        "lastModified": 1787962033,
        "narHash": "sha256-u6z9VTZA4Kf3RkHQo9sQI7NI4Ei/uiU9vrMqOiwWP1Y=",
        "owner": "nixos",
        "repo": "nixpkgs",
        "rev": "c5c4a43b0e8056328ec4529f735cabdb8f1942bb",
        "type": "github"
      },
      "original": {
        "owner": "nixos",
        "ref": "nixos-26.05",
        "repo": "nixpkgs",
        "type": "github"
      }
    },
    "root": {
      "inputs": {
        "holesail": "holesail",
        "nixos-hardware": "nixos-hardware",
        "nixpkgs": "nixpkgs_4"
      }
    },
    "systems": {
      "locked": {
        "lastModified": 1681028828,
        "narHash": "sha256-Vy1rq5AaRuLzOxct8nz4T6wlgyUR7zLU309k9mBC768=",
        "owner": "nix-systems",
        "repo": "default",
        "rev": "da67096a3b9bf56a91d16901293e51ba5b49a27e",
        "type": "github"
      },
      "original": {
        "owner": "nix-systems",
        "repo": "default",
        "type": "github"
      }
    },
    "systems_2": {
      "locked": {
        "lastModified": 1689347949,
        "narHash": "sha256-12tWmuL2zgBgZkdoB6qXZsgJEH9LR3oUgpaQq2RbI80=",
        "owner": "nix-systems",
        "repo": "default-linux",
        "rev": "31732fcf5e8fea42e59c2488ad31a0e651500f68",
        "type": "github"
      },
      "original": {
        "owner": "nix-systems",
        "repo": "default-linux",
        "type": "github"
      }
    }
  },
  "root": "root",
  "version": 7
}
